
Microsoft Visual Studio Solution File, Format Version 12.00
# Visual Studio 16
Project("{FAE04EC0-301F-11D3-BF4B-00C04F79EFBC}") = "MacBLAS", "MacBLAS.csproj", "{92D368A5-D192-E5CB-3417-1CEBBF50A021}"
EndProject
Project("{FAE04EC0-301F-11D3-BF4B-00C04F79EFBC}") = "Assembly-CSharp", "Assembly-CSharp.csproj", "{772465DC-4F3A-7424-74D4-CC40E9FFDFDF}"
EndProject
Project("{FAE04EC0-301F-11D3-BF4B-00C04F79EFBC}") = "iOSBLAS", "iOSBLAS.csproj", "{50A8D24F-CF57-AC00-A051-39C9C380DE4B}"
EndProject
Project("{FAE04EC0-301F-11D3-BF4B-00C04F79EFBC}") = "Barracuda-editor", "Barracuda-editor.csproj", "{6DC5D797-A0FC-AA19-D556-BF4C89D44E28}"
EndProject
Global
	GlobalSection(SolutionConfigurationPlatforms) = preSolution
		Debug|Any CPU = Debug|Any CPU
		Release|Any CPU = Release|Any CPU
	EndGlobalSection
	GlobalSection(ProjectConfigurationPlatforms) = postSolution
		{92D368A5-D192-E5CB-3417-1CEBBF50A021}.Debug|Any CPU.ActiveCfg = Debug|Any CPU
		{92D368A5-D192-E5CB-3417-1CEBBF50A021}.Debug|Any CPU.Build.0 = Debug|Any CPU
		{92D368A5-D192-E5CB-3417-1CEBBF50A021}.Release|Any CPU.ActiveCfg = Release|Any CPU
		{92D368A5-D192-E5CB-3417-1CEBBF50A021}.Release|Any CPU.Build.0 = Release|Any CPU
		{772465DC-4F3A-7424-74D4-CC40E9FFDFDF}.Debug|Any CPU.ActiveCfg = Debug|Any CPU
		{772465DC-4F3A-7424-74D4-CC40E9FFDFDF}.Debug|Any CPU.Build.0 = Debug|Any CPU
		{772465DC-4F3A-7424-74D4-CC40E9FFDFDF}.Release|Any CPU.ActiveCfg = Release|Any CPU
		{772465DC-4F3A-7424-74D4-CC40E9FFDFDF}.Release|Any CPU.Build.0 = Release|Any CPU
		{50A8D24F-CF57-AC00-A051-39C9C380DE4B}.Debug|Any CPU.ActiveCfg = Debug|Any CPU
		{50A8D24F-CF57-AC00-A051-39C9C380DE4B}.Debug|Any CPU.Build.0 = Debug|Any CPU
		{50A8D24F-CF57-AC00-A051-39C9C380DE4B}.Release|Any CPU.ActiveCfg = Release|Any CPU
		{50A8D24F-CF57-AC00-A051-39C9C380DE4B}.Release|Any CPU.Build.0 = Release|Any CPU
		{6DC5D797-A0FC-AA19-D556-BF4C89D44E28}.Debug|Any CPU.ActiveCfg = Debug|Any CPU
		{6DC5D797-A0FC-AA19-D556-BF4C89D44E28}.Debug|Any CPU.Build.0 = Debug|Any CPU
		{6DC5D797-A0FC-AA19-D556-BF4C89D44E28}.Release|Any CPU.ActiveCfg = Release|Any CPU
		{6DC5D797-A0FC-AA19-D556-BF4C89D44E28}.Release|Any CPU.Build.0 = Release|Any CPU
	EndGlobalSection
	GlobalSection(SolutionProperties) = preSolution
		HideSolutionNode = FALSE
	EndGlobalSection
	GlobalSection(MonoDevelopProperties) = preSolution
		StartupItem = Assembly-CSharp.csproj
	EndGlobalSection
EndGlobal
