
Microsoft Visual Studio Solution File, Format Version 12.00
# Visual Studio 16
Project("{FAE04EC0-301F-11D3-BF4B-00C04F79EFBC}") = "Assembly-CSharp", "Assembly-CSharp.csproj", "{9231C281-6246-3194-C6C3-B1EAC88219BD}"
EndProject
Project("{FAE04EC0-301F-11D3-BF4B-00C04F79EFBC}") = "iOSBLAS", "iOSBLAS.csproj", "{5132867C-0000-FE3E-FE73-E7E13875A60A}"
EndProject
Project("{FAE04EC0-301F-11D3-BF4B-00C04F79EFBC}") = "MacBLAS", "MacBLAS.csproj", "{3FCA09E3-D091-DA22-2242-3A2C02AA898D}"
EndProject
Project("{FAE04EC0-301F-11D3-BF4B-00C04F79EFBC}") = "Barracuda-editor", "Barracuda-editor.csproj", "{8168A9A9-2B75-7015-1746-E751F2AAA882}"
EndProject
Global
	GlobalSection(SolutionConfigurationPlatforms) = preSolution
		Debug|Any CPU = Debug|Any CPU
		Release|Any CPU = Release|Any CPU
	EndGlobalSection
	GlobalSection(ProjectConfigurationPlatforms) = postSolution
		{9231C281-6246-3194-C6C3-B1EAC88219BD}.Debug|Any CPU.ActiveCfg = Debug|Any CPU
		{9231C281-6246-3194-C6C3-B1EAC88219BD}.Debug|Any CPU.Build.0 = Debug|Any CPU
		{9231C281-6246-3194-C6C3-B1EAC88219BD}.Release|Any CPU.ActiveCfg = Release|Any CPU
		{9231C281-6246-3194-C6C3-B1EAC88219BD}.Release|Any CPU.Build.0 = Release|Any CPU
		{5132867C-0000-FE3E-FE73-E7E13875A60A}.Debug|Any CPU.ActiveCfg = Debug|Any CPU
		{5132867C-0000-FE3E-FE73-E7E13875A60A}.Debug|Any CPU.Build.0 = Debug|Any CPU
		{5132867C-0000-FE3E-FE73-E7E13875A60A}.Release|Any CPU.ActiveCfg = Release|Any CPU
		{5132867C-0000-FE3E-FE73-E7E13875A60A}.Release|Any CPU.Build.0 = Release|Any CPU
		{3FCA09E3-D091-DA22-2242-3A2C02AA898D}.Debug|Any CPU.ActiveCfg = Debug|Any CPU
		{3FCA09E3-D091-DA22-2242-3A2C02AA898D}.Debug|Any CPU.Build.0 = Debug|Any CPU
		{3FCA09E3-D091-DA22-2242-3A2C02AA898D}.Release|Any CPU.ActiveCfg = Release|Any CPU
		{3FCA09E3-D091-DA22-2242-3A2C02AA898D}.Release|Any CPU.Build.0 = Release|Any CPU
		{8168A9A9-2B75-7015-1746-E751F2AAA882}.Debug|Any CPU.ActiveCfg = Debug|Any CPU
		{8168A9A9-2B75-7015-1746-E751F2AAA882}.Debug|Any CPU.Build.0 = Debug|Any CPU
		{8168A9A9-2B75-7015-1746-E751F2AAA882}.Release|Any CPU.ActiveCfg = Release|Any CPU
		{8168A9A9-2B75-7015-1746-E751F2AAA882}.Release|Any CPU.Build.0 = Release|Any CPU
	EndGlobalSection
	GlobalSection(SolutionProperties) = preSolution
		HideSolutionNode = FALSE
	EndGlobalSection
EndGlobal
